
Microsoft Visual Studio Solution File, Format Version 12.00
# Visual Studio Version 17
VisualStudioVersion = 17.7.34221.43
MinimumVisualStudioVersion = 10.0.40219.1
Project("{FAE04EC0-301F-11D3-BF4B-00C04F79EFBC}") = "BTL_QUANLY_NHANVIEN", "BTL_QUANLY_NHANVIEN\BTL_QUANLY_NHANVIEN.csproj", "{336765CB-FC53-4ED6-A888-765D1F88E2C3}"
EndProject
Global
	GlobalSection(SolutionConfigurationPlatforms) = preSolution
		Debug|Any CPU = Debug|Any CPU
		Release|Any CPU = Release|Any CPU
	EndGlobalSection
	GlobalSection(ProjectConfigurationPlatforms) = postSolution
		{336765CB-FC53-4ED6-A888-765D1F88E2C3}.Debug|Any CPU.ActiveCfg = Debug|Any CPU
		{336765CB-FC53-4ED6-A888-765D1F88E2C3}.Debug|Any CPU.Build.0 = Debug|Any CPU
		{336765CB-FC53-4ED6-A888-765D1F88E2C3}.Release|Any CPU.ActiveCfg = Release|Any CPU
		{336765CB-FC53-4ED6-A888-765D1F88E2C3}.Release|Any CPU.Build.0 = Release|Any CPU
	EndGlobalSection
	GlobalSection(SolutionProperties) = preSolution
		HideSolutionNode = FALSE
	EndGlobalSection
	GlobalSection(ExtensibilityGlobals) = postSolution
		SolutionGuid = {2E1CF7B1-04E7-4FCD-8FF0-A369A5279276}
	EndGlobalSection
EndGlobal
